// !$*UTF8*$!
{
	archiveVersion = 1;
	classes = {
	};
	objectVersion = 56;
	objects = {

/* Begin PBXBuildFile section */
		EB5E68412BEBFFE000CA57DE /* AppDelegate.swift in Sources */ = {isa = PBXBuildFile; fileRef = EB5E68402BEBFFE000CA57DE /* AppDelegate.swift */; };
		EB5E68432BEBFFE000CA57DE /* SceneDelegate.swift in Sources */ = {isa = PBXBuildFile; fileRef = EB5E68422BEBFFE000CA57DE /* SceneDelegate.swift */; };
		EB5E68452BEBFFE000CA57DE /* HomeViewController.swift in Sources */ = {isa = PBXBuildFile; fileRef = EB5E68442BEBFFE000CA57DE /* HomeViewController.swift */; };
		EB5E684A2BEBFFE100CA57DE /* Assets.xcassets in Resources */ = {isa = PBXBuildFile; fileRef = EB5E68492BEBFFE100CA57DE /* Assets.xcassets */; };
		EB5E684D2BEBFFE100CA57DE /* LaunchScreen.storyboard in Resources */ = {isa = PBXBuildFile; fileRef = EB5E684B2BEBFFE100CA57DE /* LaunchScreen.storyboard */; };
		EB5E68582BEBFFE100CA57DE /* TipMyServiceTests.swift in Sources */ = {isa = PBXBuildFile; fileRef = EB5E68572BEBFFE100CA57DE /* TipMyServiceTests.swift */; };
		EB5E68622BEBFFE100CA57DE /* TipMyServiceUITests.swift in Sources */ = {isa = PBXBuildFile; fileRef = EB5E68612BEBFFE100CA57DE /* TipMyServiceUITests.swift */; };
		EB5E68642BEBFFE100CA57DE /* TipMyServiceUITestsLaunchTests.swift in Sources */ = {isa = PBXBuildFile; fileRef = EB5E68632BEBFFE100CA57DE /* TipMyServiceUITestsLaunchTests.swift */; };
		EB5E68722BEC02C300CA57DE /* SnapKit in Frameworks */ = {isa = PBXBuildFile; productRef = EB5E68712BEC02C300CA57DE /* SnapKit */; };
		EB5E68752BEC02D700CA57DE /* CombineCocoa in Frameworks */ = {isa = PBXBuildFile; productRef = EB5E68742BEC02D700CA57DE /* CombineCocoa */; };
		EB5E68782BEC04DE00CA57DE /* SnapshotTesting in Frameworks */ = {isa = PBXBuildFile; productRef = EB5E68772BEC04DE00CA57DE /* SnapshotTesting */; };
		EB5E687B2BEC050B00CA57DE /* CombineCocoa in Frameworks */ = {isa = PBXBuildFile; productRef = EB5E687A2BEC050B00CA57DE /* CombineCocoa */; };
		EB5E687D2BEC053A00CA57DE /* CombineCocoa in Frameworks */ = {isa = PBXBuildFile; productRef = EB5E687C2BEC053A00CA57DE /* CombineCocoa */; };
		EB5E68802BEC068D00CA57DE /* HeaderView.swift in Sources */ = {isa = PBXBuildFile; fileRef = EB5E687F2BEC068D00CA57DE /* HeaderView.swift */; };
		EB5E68822BEC073C00CA57DE /* ResultView.swift in Sources */ = {isa = PBXBuildFile; fileRef = EB5E68812BEC073C00CA57DE /* ResultView.swift */; };
		EB5E68842BEC077700CA57DE /* BillView.swift in Sources */ = {isa = PBXBuildFile; fileRef = EB5E68832BEC077700CA57DE /* BillView.swift */; };
		EB5E68862BEC07DF00CA57DE /* TipInputView.swift in Sources */ = {isa = PBXBuildFile; fileRef = EB5E68852BEC07DF00CA57DE /* TipInputView.swift */; };
		EB5E68882BEC080900CA57DE /* SplitView.swift in Sources */ = {isa = PBXBuildFile; fileRef = EB5E68872BEC080900CA57DE /* SplitView.swift */; };
		EB5E688B2BEC08C400CA57DE /* ThemeColor.swift in Sources */ = {isa = PBXBuildFile; fileRef = EB5E688A2BEC08C400CA57DE /* ThemeColor.swift */; };
		EB5E688D2BEC08CF00CA57DE /* ThemeFont.swift in Sources */ = {isa = PBXBuildFile; fileRef = EB5E688C2BEC08CF00CA57DE /* ThemeFont.swift */; };
		EB5E68902BEC092300CA57DE /* UIColor+Extension.swift in Sources */ = {isa = PBXBuildFile; fileRef = EB5E688F2BEC092300CA57DE /* UIColor+Extension.swift */; };
		EB5E68932BEC136A00CA57DE /* LabelCreater.swift in Sources */ = {isa = PBXBuildFile; fileRef = EB5E68922BEC136A00CA57DE /* LabelCreater.swift */; };
		EB5E68952BEC25E200CA57DE /* UIView+Extension.swift in Sources */ = {isa = PBXBuildFile; fileRef = EB5E68942BEC25E200CA57DE /* UIView+Extension.swift */; };
/* End PBXBuildFile section */

/* Begin PBXContainerItemProxy section */
		EB5E68542BEBFFE100CA57DE /* PBXContainerItemProxy */ = {
			isa = PBXContainerItemProxy;
			containerPortal = EB5E68352BEBFFE000CA57DE /* Project object */;
			proxyType = 1;
			remoteGlobalIDString = EB5E683C2BEBFFE000CA57DE;
			remoteInfo = TipMyService;
		};
		EB5E685E2BEBFFE100CA57DE /* PBXContainerItemProxy */ = {
			isa = PBXContainerItemProxy;
			containerPortal = EB5E68352BEBFFE000CA57DE /* Project object */;
			proxyType = 1;
			remoteGlobalIDString = EB5E683C2BEBFFE000CA57DE;
			remoteInfo = TipMyService;
		};
/* End PBXContainerItemProxy section */

/* Begin PBXFileReference section */
		EB5E683D2BEBFFE000CA57DE /* TipMyService.app */ = {isa = PBXFileReference; explicitFileType = wrapper.application; includeInIndex = 0; path = TipMyService.app; sourceTree = BUILT_PRODUCTS_DIR; };
		EB5E68402BEBFFE000CA57DE /* AppDelegate.swift */ = {isa = PBXFileReference; lastKnownFileType = sourcecode.swift; path = AppDelegate.swift; sourceTree = "<group>"; };
		EB5E68422BEBFFE000CA57DE /* SceneDelegate.swift */ = {isa = PBXFileReference; lastKnownFileType = sourcecode.swift; path = SceneDelegate.swift; sourceTree = "<group>"; };
		EB5E68442BEBFFE000CA57DE /* HomeViewController.swift */ = {isa = PBXFileReference; lastKnownFileType = sourcecode.swift; path = HomeViewController.swift; sourceTree = "<group>"; };
		EB5E68492BEBFFE100CA57DE /* Assets.xcassets */ = {isa = PBXFileReference; lastKnownFileType = folder.assetcatalog; path = Assets.xcassets; sourceTree = "<group>"; };
		EB5E684C2BEBFFE100CA57DE /* Base */ = {isa = PBXFileReference; lastKnownFileType = file.storyboard; name = Base; path = Base.lproj/LaunchScreen.storyboard; sourceTree = "<group>"; };
		EB5E684E2BEBFFE100CA57DE /* Info.plist */ = {isa = PBXFileReference; lastKnownFileType = text.plist.xml; path = Info.plist; sourceTree = "<group>"; };
		EB5E68532BEBFFE100CA57DE /* TipMyServiceTests.xctest */ = {isa = PBXFileReference; explicitFileType = wrapper.cfbundle; includeInIndex = 0; path = TipMyServiceTests.xctest; sourceTree = BUILT_PRODUCTS_DIR; };
		EB5E68572BEBFFE100CA57DE /* TipMyServiceTests.swift */ = {isa = PBXFileReference; lastKnownFileType = sourcecode.swift; path = TipMyServiceTests.swift; sourceTree = "<group>"; };
		EB5E685D2BEBFFE100CA57DE /* TipMyServiceUITests.xctest */ = {isa = PBXFileReference; explicitFileType = wrapper.cfbundle; includeInIndex = 0; path = TipMyServiceUITests.xctest; sourceTree = BUILT_PRODUCTS_DIR; };
		EB5E68612BEBFFE100CA57DE /* TipMyServiceUITests.swift */ = {isa = PBXFileReference; lastKnownFileType = sourcecode.swift; path = TipMyServiceUITests.swift; sourceTree = "<group>"; };
		EB5E68632BEBFFE100CA57DE /* TipMyServiceUITestsLaunchTests.swift */ = {isa = PBXFileReference; lastKnownFileType = sourcecode.swift; path = TipMyServiceUITestsLaunchTests.swift; sourceTree = "<group>"; };
		EB5E687F2BEC068D00CA57DE /* HeaderView.swift */ = {isa = PBXFileReference; lastKnownFileType = sourcecode.swift; path = HeaderView.swift; sourceTree = "<group>"; };
		EB5E68812BEC073C00CA57DE /* ResultView.swift */ = {isa = PBXFileReference; lastKnownFileType = sourcecode.swift; path = ResultView.swift; sourceTree = "<group>"; };
		EB5E68832BEC077700CA57DE /* BillView.swift */ = {isa = PBXFileReference; lastKnownFileType = sourcecode.swift; path = BillView.swift; sourceTree = "<group>"; };
		EB5E68852BEC07DF00CA57DE /* TipInputView.swift */ = {isa = PBXFileReference; lastKnownFileType = sourcecode.swift; path = TipInputView.swift; sourceTree = "<group>"; };
		EB5E68872BEC080900CA57DE /* SplitView.swift */ = {isa = PBXFileReference; lastKnownFileType = sourcecode.swift; path = SplitView.swift; sourceTree = "<group>"; };
		EB5E688A2BEC08C400CA57DE /* ThemeColor.swift */ = {isa = PBXFileReference; lastKnownFileType = sourcecode.swift; path = ThemeColor.swift; sourceTree = "<group>"; };
		EB5E688C2BEC08CF00CA57DE /* ThemeFont.swift */ = {isa = PBXFileReference; lastKnownFileType = sourcecode.swift; path = ThemeFont.swift; sourceTree = "<group>"; };
		EB5E688F2BEC092300CA57DE /* UIColor+Extension.swift */ = {isa = PBXFileReference; lastKnownFileType = sourcecode.swift; path = "UIColor+Extension.swift"; sourceTree = "<group>"; };
		EB5E68922BEC136A00CA57DE /* LabelCreater.swift */ = {isa = PBXFileReference; lastKnownFileType = sourcecode.swift; path = LabelCreater.swift; sourceTree = "<group>"; };
		EB5E68942BEC25E200CA57DE /* UIView+Extension.swift */ = {isa = PBXFileReference; lastKnownFileType = sourcecode.swift; path = "UIView+Extension.swift"; sourceTree = "<group>"; };
/* End PBXFileReference section */

/* Begin PBXFrameworksBuildPhase section */
		EB5E683A2BEBFFE000CA57DE /* Frameworks */ = {
			isa = PBXFrameworksBuildPhase;
			buildActionMask = 2147483647;
			files = (
				EB5E68752BEC02D700CA57DE /* CombineCocoa in Frameworks */,
				EB5E68722BEC02C300CA57DE /* SnapKit in Frameworks */,
			);
			runOnlyForDeploymentPostprocessing = 0;
		};
		EB5E68502BEBFFE100CA57DE /* Frameworks */ = {
			isa = PBXFrameworksBuildPhase;
			buildActionMask = 2147483647;
			files = (
				EB5E687B2BEC050B00CA57DE /* CombineCocoa in Frameworks */,
				EB5E68782BEC04DE00CA57DE /* SnapshotTesting in Frameworks */,
			);
			runOnlyForDeploymentPostprocessing = 0;
		};
		EB5E685A2BEBFFE100CA57DE /* Frameworks */ = {
			isa = PBXFrameworksBuildPhase;
			buildActionMask = 2147483647;
			files = (
				EB5E687D2BEC053A00CA57DE /* CombineCocoa in Frameworks */,
			);
			runOnlyForDeploymentPostprocessing = 0;
		};
/* End PBXFrameworksBuildPhase section */

/* Begin PBXGroup section */
		EB5E68342BEBFFE000CA57DE = {
			isa = PBXGroup;
			children = (
				EB5E683F2BEBFFE000CA57DE /* TipMyService */,
				EB5E68562BEBFFE100CA57DE /* TipMyServiceTests */,
				EB5E68602BEBFFE100CA57DE /* TipMyServiceUITests */,
				EB5E683E2BEBFFE000CA57DE /* Products */,
				EB5E68792BEC050B00CA57DE /* Frameworks */,
			);
			sourceTree = "<group>";
		};
		EB5E683E2BEBFFE000CA57DE /* Products */ = {
			isa = PBXGroup;
			children = (
				EB5E683D2BEBFFE000CA57DE /* TipMyService.app */,
				EB5E68532BEBFFE100CA57DE /* TipMyServiceTests.xctest */,
				EB5E685D2BEBFFE100CA57DE /* TipMyServiceUITests.xctest */,
			);
			name = Products;
			sourceTree = "<group>";
		};
		EB5E683F2BEBFFE000CA57DE /* TipMyService */ = {
			isa = PBXGroup;
			children = (
				EB5E68912BEC134F00CA57DE /* Factory */,
				EB5E688E2BEC090A00CA57DE /* extension */,
				EB5E68892BEC08B700CA57DE /* Config */,
				EB5E687E2BEC064700CA57DE /* views */,
				EB5E68402BEBFFE000CA57DE /* AppDelegate.swift */,
				EB5E68422BEBFFE000CA57DE /* SceneDelegate.swift */,
				EB5E68442BEBFFE000CA57DE /* HomeViewController.swift */,
				EB5E68492BEBFFE100CA57DE /* Assets.xcassets */,
				EB5E684B2BEBFFE100CA57DE /* LaunchScreen.storyboard */,
				EB5E684E2BEBFFE100CA57DE /* Info.plist */,
			);
			path = TipMyService;
			sourceTree = "<group>";
		};
		EB5E68562BEBFFE100CA57DE /* TipMyServiceTests */ = {
			isa = PBXGroup;
			children = (
				EB5E68572BEBFFE100CA57DE /* TipMyServiceTests.swift */,
			);
			path = TipMyServiceTests;
			sourceTree = "<group>";
		};
		EB5E68602BEBFFE100CA57DE /* TipMyServiceUITests */ = {
			isa = PBXGroup;
			children = (
				EB5E68612BEBFFE100CA57DE /* TipMyServiceUITests.swift */,
				EB5E68632BEBFFE100CA57DE /* TipMyServiceUITestsLaunchTests.swift */,
			);
			path = TipMyServiceUITests;
			sourceTree = "<group>";
		};
		EB5E68792BEC050B00CA57DE /* Frameworks */ = {
			isa = PBXGroup;
			children = (
			);
			name = Frameworks;
			sourceTree = "<group>";
		};
		EB5E687E2BEC064700CA57DE /* views */ = {
			isa = PBXGroup;
			children = (
				EB5E687F2BEC068D00CA57DE /* HeaderView.swift */,
				EB5E68812BEC073C00CA57DE /* ResultView.swift */,
				EB5E68832BEC077700CA57DE /* BillView.swift */,
				EB5E68852BEC07DF00CA57DE /* TipInputView.swift */,
				EB5E68872BEC080900CA57DE /* SplitView.swift */,
			);
			path = views;
			sourceTree = "<group>";
		};
		EB5E68892BEC08B700CA57DE /* Config */ = {
			isa = PBXGroup;
			children = (
				EB5E688A2BEC08C400CA57DE /* ThemeColor.swift */,
				EB5E688C2BEC08CF00CA57DE /* ThemeFont.swift */,
			);
			path = Config;
			sourceTree = "<group>";
		};
		EB5E688E2BEC090A00CA57DE /* extension */ = {
			isa = PBXGroup;
			children = (
				EB5E688F2BEC092300CA57DE /* UIColor+Extension.swift */,
				EB5E68942BEC25E200CA57DE /* UIView+Extension.swift */,
			);
			path = extension;
			sourceTree = "<group>";
		};
		EB5E68912BEC134F00CA57DE /* Factory */ = {
			isa = PBXGroup;
			children = (
				EB5E68922BEC136A00CA57DE /* LabelCreater.swift */,
			);
			path = Factory;
			sourceTree = "<group>";
		};
/* End PBXGroup section */

/* Begin PBXNativeTarget section */
		EB5E683C2BEBFFE000CA57DE /* TipMyService */ = {
			isa = PBXNativeTarget;
			buildConfigurationList = EB5E68672BEBFFE100CA57DE /* Build configuration list for PBXNativeTarget "TipMyService" */;
			buildPhases = (
				EB5E68392BEBFFE000CA57DE /* Sources */,
				EB5E683A2BEBFFE000CA57DE /* Frameworks */,
				EB5E683B2BEBFFE000CA57DE /* Resources */,
			);
			buildRules = (
			);
			dependencies = (
			);
			name = TipMyService;
			packageProductDependencies = (
				EB5E68712BEC02C300CA57DE /* SnapKit */,
				EB5E68742BEC02D700CA57DE /* CombineCocoa */,
			);
			productName = TipMyService;
			productReference = EB5E683D2BEBFFE000CA57DE /* TipMyService.app */;
			productType = "com.apple.product-type.application";
		};
		EB5E68522BEBFFE100CA57DE /* TipMyServiceTests */ = {
			isa = PBXNativeTarget;
			buildConfigurationList = EB5E686A2BEBFFE100CA57DE /* Build configuration list for PBXNativeTarget "TipMyServiceTests" */;
			buildPhases = (
				EB5E684F2BEBFFE100CA57DE /* Sources */,
				EB5E68502BEBFFE100CA57DE /* Frameworks */,
				EB5E68512BEBFFE100CA57DE /* Resources */,
			);
			buildRules = (
			);
			dependencies = (
				EB5E68552BEBFFE100CA57DE /* PBXTargetDependency */,
			);
			name = TipMyServiceTests;
			packageProductDependencies = (
				EB5E68772BEC04DE00CA57DE /* SnapshotTesting */,
				EB5E687A2BEC050B00CA57DE /* CombineCocoa */,
			);
			productName = TipMyServiceTests;
			productReference = EB5E68532BEBFFE100CA57DE /* TipMyServiceTests.xctest */;
			productType = "com.apple.product-type.bundle.unit-test";
		};
		EB5E685C2BEBFFE100CA57DE /* TipMyServiceUITests */ = {
			isa = PBXNativeTarget;
			buildConfigurationList = EB5E686D2BEBFFE100CA57DE /* Build configuration list for PBXNativeTarget "TipMyServiceUITests" */;
			buildPhases = (
				EB5E68592BEBFFE100CA57DE /* Sources */,
				EB5E685A2BEBFFE100CA57DE /* Frameworks */,
				EB5E685B2BEBFFE100CA57DE /* Resources */,
			);
			buildRules = (
			);
			dependencies = (
				EB5E685F2BEBFFE100CA57DE /* PBXTargetDependency */,
			);
			name = TipMyServiceUITests;
			packageProductDependencies = (
				EB5E687C2BEC053A00CA57DE /* CombineCocoa */,
			);
			productName = TipMyServiceUITests;
			productReference = EB5E685D2BEBFFE100CA57DE /* TipMyServiceUITests.xctest */;
			productType = "com.apple.product-type.bundle.ui-testing";
		};
/* End PBXNativeTarget section */

/* Begin PBXProject section */
		EB5E68352BEBFFE000CA57DE /* Project object */ = {
			isa = PBXProject;
			attributes = {
				BuildIndependentTargetsInParallel = 1;
				LastSwiftUpdateCheck = 1520;
				LastUpgradeCheck = 1520;
				TargetAttributes = {
					EB5E683C2BEBFFE000CA57DE = {
						CreatedOnToolsVersion = 15.2;
					};
					EB5E68522BEBFFE100CA57DE = {
						CreatedOnToolsVersion = 15.2;
						TestTargetID = EB5E683C2BEBFFE000CA57DE;
					};
					EB5E685C2BEBFFE100CA57DE = {
						CreatedOnToolsVersion = 15.2;
						TestTargetID = EB5E683C2BEBFFE000CA57DE;
					};
				};
			};
			buildConfigurationList = EB5E68382BEBFFE000CA57DE /* Build configuration list for PBXProject "TipMyService" */;
			compatibilityVersion = "Xcode 14.0";
			developmentRegion = en;
			hasScannedForEncodings = 0;
			knownRegions = (
				en,
				Base,
			);
			mainGroup = EB5E68342BEBFFE000CA57DE;
			packageReferences = (
				EB5E68702BEC02C300CA57DE /* XCRemoteSwiftPackageReference "SnapKit" */,
				EB5E68732BEC02D700CA57DE /* XCRemoteSwiftPackageReference "CombineCocoa" */,
				EB5E68762BEC04DE00CA57DE /* XCRemoteSwiftPackageReference "swift-snapshot-testing" */,
			);
			productRefGroup = EB5E683E2BEBFFE000CA57DE /* Products */;
			projectDirPath = "";
			projectRoot = "";
			targets = (
				EB5E683C2BEBFFE000CA57DE /* TipMyService */,
				EB5E68522BEBFFE100CA57DE /* TipMyServiceTests */,
				EB5E685C2BEBFFE100CA57DE /* TipMyServiceUITests */,
			);
		};
/* End PBXProject section */

/* Begin PBXResourcesBuildPhase section */
		EB5E683B2BEBFFE000CA57DE /* Resources */ = {
			isa = PBXResourcesBuildPhase;
			buildActionMask = 2147483647;
			files = (
				EB5E684D2BEBFFE100CA57DE /* LaunchScreen.storyboard in Resources */,
				EB5E684A2BEBFFE100CA57DE /* Assets.xcassets in Resources */,
			);
			runOnlyForDeploymentPostprocessing = 0;
		};
		EB5E68512BEBFFE100CA57DE /* Resources */ = {
			isa = PBXResourcesBuildPhase;
			buildActionMask = 2147483647;
			files = (
			);
			runOnlyForDeploymentPostprocessing = 0;
		};
		EB5E685B2BEBFFE100CA57DE /* Resources */ = {
			isa = PBXResourcesBuildPhase;
			buildActionMask = 2147483647;
			files = (
			);
			runOnlyForDeploymentPostprocessing = 0;
		};
/* End PBXResourcesBuildPhase section */

/* Begin PBXSourcesBuildPhase section */
		EB5E68392BEBFFE000CA57DE /* Sources */ = {
			isa = PBXSourcesBuildPhase;
			buildActionMask = 2147483647;
			files = (
				EB5E68822BEC073C00CA57DE /* ResultView.swift in Sources */,
				EB5E68952BEC25E200CA57DE /* UIView+Extension.swift in Sources */,
				EB5E68882BEC080900CA57DE /* SplitView.swift in Sources */,
				EB5E688B2BEC08C400CA57DE /* ThemeColor.swift in Sources */,
				EB5E68902BEC092300CA57DE /* UIColor+Extension.swift in Sources */,
				EB5E68452BEBFFE000CA57DE /* HomeViewController.swift in Sources */,
				EB5E68802BEC068D00CA57DE /* HeaderView.swift in Sources */,
				EB5E68412BEBFFE000CA57DE /* AppDelegate.swift in Sources */,
				EB5E688D2BEC08CF00CA57DE /* ThemeFont.swift in Sources */,
				EB5E68432BEBFFE000CA57DE /* SceneDelegate.swift in Sources */,
				EB5E68932BEC136A00CA57DE /* LabelCreater.swift in Sources */,
				EB5E68842BEC077700CA57DE /* BillView.swift in Sources */,
				EB5E68862BEC07DF00CA57DE /* TipInputView.swift in Sources */,
			);
			runOnlyForDeploymentPostprocessing = 0;
		};
		EB5E684F2BEBFFE100CA57DE /* Sources */ = {
			isa = PBXSourcesBuildPhase;
			buildActionMask = 2147483647;
			files = (
				EB5E68582BEBFFE100CA57DE /* TipMyServiceTests.swift in Sources */,
			);
			runOnlyForDeploymentPostprocessing = 0;
		};
		EB5E68592BEBFFE100CA57DE /* Sources */ = {
			isa = PBXSourcesBuildPhase;
			buildActionMask = 2147483647;
			files = (
				EB5E68642BEBFFE100CA57DE /* TipMyServiceUITestsLaunchTests.swift in Sources */,
				EB5E68622BEBFFE100CA57DE /* TipMyServiceUITests.swift in Sources */,
			);
			runOnlyForDeploymentPostprocessing = 0;
		};
/* End PBXSourcesBuildPhase section */

/* Begin PBXTargetDependency section */
		EB5E68552BEBFFE100CA57DE /* PBXTargetDependency */ = {
			isa = PBXTargetDependency;
			target = EB5E683C2BEBFFE000CA57DE /* TipMyService */;
			targetProxy = EB5E68542BEBFFE100CA57DE /* PBXContainerItemProxy */;
		};
		EB5E685F2BEBFFE100CA57DE /* PBXTargetDependency */ = {
			isa = PBXTargetDependency;
			target = EB5E683C2BEBFFE000CA57DE /* TipMyService */;
			targetProxy = EB5E685E2BEBFFE100CA57DE /* PBXContainerItemProxy */;
		};
/* End PBXTargetDependency section */

/* Begin PBXVariantGroup section */
		EB5E684B2BEBFFE100CA57DE /* LaunchScreen.storyboard */ = {
			isa = PBXVariantGroup;
			children = (
				EB5E684C2BEBFFE100CA57DE /* Base */,
			);
			name = LaunchScreen.storyboard;
			sourceTree = "<group>";
		};
/* End PBXVariantGroup section */

/* Begin XCBuildConfiguration section */
		EB5E68652BEBFFE100CA57DE /* Debug */ = {
			isa = XCBuildConfiguration;
			buildSettings = {
				ALWAYS_SEARCH_USER_PATHS = NO;
				ASSETCATALOG_COMPILER_GENERATE_SWIFT_ASSET_SYMBOL_EXTENSIONS = YES;
				CLANG_ANALYZER_NONNULL = YES;
				CLANG_ANALYZER_NUMBER_OBJECT_CONVERSION = YES_AGGRESSIVE;
				CLANG_CXX_LANGUAGE_STANDARD = "gnu++20";
				CLANG_ENABLE_MODULES = YES;
				CLANG_ENABLE_OBJC_ARC = YES;
				CLANG_ENABLE_OBJC_WEAK = YES;
				CLANG_WARN_BLOCK_CAPTURE_AUTORELEASING = YES;
				CLANG_WARN_BOOL_CONVERSION = YES;
				CLANG_WARN_COMMA = YES;
				CLANG_WARN_CONSTANT_CONVERSION = YES;
				CLANG_WARN_DEPRECATED_OBJC_IMPLEMENTATIONS = YES;
				CLANG_WARN_DIRECT_OBJC_ISA_USAGE = YES_ERROR;
				CLANG_WARN_DOCUMENTATION_COMMENTS = YES;
				CLANG_WARN_EMPTY_BODY = YES;
				CLANG_WARN_ENUM_CONVERSION = YES;
				CLANG_WARN_INFINITE_RECURSION = YES;
				CLANG_WARN_INT_CONVERSION = YES;
				CLANG_WARN_NON_LITERAL_NULL_CONVERSION = YES;
				CLANG_WARN_OBJC_IMPLICIT_RETAIN_SELF = YES;
				CLANG_WARN_OBJC_LITERAL_CONVERSION = YES;
				CLANG_WARN_OBJC_ROOT_CLASS = YES_ERROR;
				CLANG_WARN_QUOTED_INCLUDE_IN_FRAMEWORK_HEADER = YES;
				CLANG_WARN_RANGE_LOOP_ANALYSIS = YES;
				CLANG_WARN_STRICT_PROTOTYPES = YES;
				CLANG_WARN_SUSPICIOUS_MOVE = YES;
				CLANG_WARN_UNGUARDED_AVAILABILITY = YES_AGGRESSIVE;
				CLANG_WARN_UNREACHABLE_CODE = YES;
				CLANG_WARN__DUPLICATE_METHOD_MATCH = YES;
				COPY_PHASE_STRIP = NO;
				DEBUG_INFORMATION_FORMAT = dwarf;
				ENABLE_STRICT_OBJC_MSGSEND = YES;
				ENABLE_TESTABILITY = YES;
				ENABLE_USER_SCRIPT_SANDBOXING = YES;
				GCC_C_LANGUAGE_STANDARD = gnu17;
				GCC_DYNAMIC_NO_PIC = NO;
				GCC_NO_COMMON_BLOCKS = YES;
				GCC_OPTIMIZATION_LEVEL = 0;
				GCC_PREPROCESSOR_DEFINITIONS = (
					"DEBUG=1",
					"$(inherited)",
				);
				GCC_WARN_64_TO_32_BIT_CONVERSION = YES;
				GCC_WARN_ABOUT_RETURN_TYPE = YES_ERROR;
				GCC_WARN_UNDECLARED_SELECTOR = YES;
				GCC_WARN_UNINITIALIZED_AUTOS = YES_AGGRESSIVE;
				GCC_WARN_UNUSED_FUNCTION = YES;
				GCC_WARN_UNUSED_VARIABLE = YES;
				IPHONEOS_DEPLOYMENT_TARGET = 17.2;
				LOCALIZATION_PREFERS_STRING_CATALOGS = YES;
				MTL_ENABLE_DEBUG_INFO = INCLUDE_SOURCE;
				MTL_FAST_MATH = YES;
				ONLY_ACTIVE_ARCH = YES;
				SDKROOT = iphoneos;
				SWIFT_ACTIVE_COMPILATION_CONDITIONS = "DEBUG $(inherited)";
				SWIFT_OPTIMIZATION_LEVEL = "-Onone";
			};
			name = Debug;
		};
		EB5E68662BEBFFE100CA57DE /* Release */ = {
			isa = XCBuildConfiguration;
			buildSettings = {
				ALWAYS_SEARCH_USER_PATHS = NO;
				ASSETCATALOG_COMPILER_GENERATE_SWIFT_ASSET_SYMBOL_EXTENSIONS = YES;
				CLANG_ANALYZER_NONNULL = YES;
				CLANG_ANALYZER_NUMBER_OBJECT_CONVERSION = YES_AGGRESSIVE;
				CLANG_CXX_LANGUAGE_STANDARD = "gnu++20";
				CLANG_ENABLE_MODULES = YES;
				CLANG_ENABLE_OBJC_ARC = YES;
				CLANG_ENABLE_OBJC_WEAK = YES;
				CLANG_WARN_BLOCK_CAPTURE_AUTORELEASING = YES;
				CLANG_WARN_BOOL_CONVERSION = YES;
				CLANG_WARN_COMMA = YES;
				CLANG_WARN_CONSTANT_CONVERSION = YES;
				CLANG_WARN_DEPRECATED_OBJC_IMPLEMENTATIONS = YES;
				CLANG_WARN_DIRECT_OBJC_ISA_USAGE = YES_ERROR;
				CLANG_WARN_DOCUMENTATION_COMMENTS = YES;
				CLANG_WARN_EMPTY_BODY = YES;
				CLANG_WARN_ENUM_CONVERSION = YES;
				CLANG_WARN_INFINITE_RECURSION = YES;
				CLANG_WARN_INT_CONVERSION = YES;
				CLANG_WARN_NON_LITERAL_NULL_CONVERSION = YES;
				CLANG_WARN_OBJC_IMPLICIT_RETAIN_SELF = YES;
				CLANG_WARN_OBJC_LITERAL_CONVERSION = YES;
				CLANG_WARN_OBJC_ROOT_CLASS = YES_ERROR;
				CLANG_WARN_QUOTED_INCLUDE_IN_FRAMEWORK_HEADER = YES;
				CLANG_WARN_RANGE_LOOP_ANALYSIS = YES;
				CLANG_WARN_STRICT_PROTOTYPES = YES;
				CLANG_WARN_SUSPICIOUS_MOVE = YES;
				CLANG_WARN_UNGUARDED_AVAILABILITY = YES_AGGRESSIVE;
				CLANG_WARN_UNREACHABLE_CODE = YES;
				CLANG_WARN__DUPLICATE_METHOD_MATCH = YES;
				COPY_PHASE_STRIP = NO;
				DEBUG_INFORMATION_FORMAT = "dwarf-with-dsym";
				ENABLE_NS_ASSERTIONS = NO;
				ENABLE_STRICT_OBJC_MSGSEND = YES;
				ENABLE_USER_SCRIPT_SANDBOXING = YES;
				GCC_C_LANGUAGE_STANDARD = gnu17;
				GCC_NO_COMMON_BLOCKS = YES;
				GCC_WARN_64_TO_32_BIT_CONVERSION = YES;
				GCC_WARN_ABOUT_RETURN_TYPE = YES_ERROR;
				GCC_WARN_UNDECLARED_SELECTOR = YES;
				GCC_WARN_UNINITIALIZED_AUTOS = YES_AGGRESSIVE;
				GCC_WARN_UNUSED_FUNCTION = YES;
				GCC_WARN_UNUSED_VARIABLE = YES;
				IPHONEOS_DEPLOYMENT_TARGET = 17.2;
				LOCALIZATION_PREFERS_STRING_CATALOGS = YES;
				MTL_ENABLE_DEBUG_INFO = NO;
				MTL_FAST_MATH = YES;
				SDKROOT = iphoneos;
				SWIFT_COMPILATION_MODE = wholemodule;
				VALIDATE_PRODUCT = YES;
			};
			name = Release;
		};
		EB5E68682BEBFFE100CA57DE /* Debug */ = {
			isa = XCBuildConfiguration;
			buildSettings = {
				ASSETCATALOG_COMPILER_APPICON_NAME = AppIcon;
				ASSETCATALOG_COMPILER_GLOBAL_ACCENT_COLOR_NAME = AccentColor;
				CODE_SIGN_STYLE = Automatic;
				CURRENT_PROJECT_VERSION = 1;
				DEVELOPMENT_TEAM = NT57WH95JN;
				GENERATE_INFOPLIST_FILE = YES;
				INFOPLIST_FILE = TipMyService/Info.plist;
				INFOPLIST_KEY_UIApplicationSupportsIndirectInputEvents = YES;
				INFOPLIST_KEY_UILaunchStoryboardName = LaunchScreen;
				INFOPLIST_KEY_UISupportedInterfaceOrientations_iPad = "UIInterfaceOrientationPortrait UIInterfaceOrientationPortraitUpsideDown UIInterfaceOrientationLandscapeLeft UIInterfaceOrientationLandscapeRight";
				INFOPLIST_KEY_UISupportedInterfaceOrientations_iPhone = "UIInterfaceOrientationPortrait UIInterfaceOrientationLandscapeLeft UIInterfaceOrientationLandscapeRight";
				LD_RUNPATH_SEARCH_PATHS = (
					"$(inherited)",
					"@executable_path/Frameworks",
				);
				MARKETING_VERSION = 1.0;
				PRODUCT_BUNDLE_IDENTIFIER = com.treybrowder.TipMyService;
				PRODUCT_NAME = "$(TARGET_NAME)";
				SWIFT_EMIT_LOC_STRINGS = YES;
				SWIFT_VERSION = 5.0;
				TARGETED_DEVICE_FAMILY = "1,2";
			};
			name = Debug;
		};
		EB5E68692BEBFFE100CA57DE /* Release */ = {
			isa = XCBuildConfiguration;
			buildSettings = {
				ASSETCATALOG_COMPILER_APPICON_NAME = AppIcon;
				ASSETCATALOG_COMPILER_GLOBAL_ACCENT_COLOR_NAME = AccentColor;
				CODE_SIGN_STYLE = Automatic;
				CURRENT_PROJECT_VERSION = 1;
				DEVELOPMENT_TEAM = NT57WH95JN;
				GENERATE_INFOPLIST_FILE = YES;
				INFOPLIST_FILE = TipMyService/Info.plist;
				INFOPLIST_KEY_UIApplicationSupportsIndirectInputEvents = YES;
				INFOPLIST_KEY_UILaunchStoryboardName = LaunchScreen;
				INFOPLIST_KEY_UISupportedInterfaceOrientations_iPad = "UIInterfaceOrientationPortrait UIInterfaceOrientationPortraitUpsideDown UIInterfaceOrientationLandscapeLeft UIInterfaceOrientationLandscapeRight";
				INFOPLIST_KEY_UISupportedInterfaceOrientations_iPhone = "UIInterfaceOrientationPortrait UIInterfaceOrientationLandscapeLeft UIInterfaceOrientationLandscapeRight";
				LD_RUNPATH_SEARCH_PATHS = (
					"$(inherited)",
					"@executable_path/Frameworks",
				);
				MARKETING_VERSION = 1.0;
				PRODUCT_BUNDLE_IDENTIFIER = com.treybrowder.TipMyService;
				PRODUCT_NAME = "$(TARGET_NAME)";
				SWIFT_EMIT_LOC_STRINGS = YES;
				SWIFT_VERSION = 5.0;
				TARGETED_DEVICE_FAMILY = "1,2";
			};
			name = Release;
		};
		EB5E686B2BEBFFE100CA57DE /* Debug */ = {
			isa = XCBuildConfiguration;
			buildSettings = {
				ALWAYS_EMBED_SWIFT_STANDARD_LIBRARIES = YES;
				BUNDLE_LOADER = "$(TEST_HOST)";
				CODE_SIGN_STYLE = Automatic;
				CURRENT_PROJECT_VERSION = 1;
				DEVELOPMENT_TEAM = NT57WH95JN;
				GENERATE_INFOPLIST_FILE = YES;
				IPHONEOS_DEPLOYMENT_TARGET = 17.2;
				MARKETING_VERSION = 1.0;
				PRODUCT_BUNDLE_IDENTIFIER = com.treybrowder.TipMyServiceTests;
				PRODUCT_NAME = "$(TARGET_NAME)";
				SWIFT_EMIT_LOC_STRINGS = NO;
				SWIFT_VERSION = 5.0;
				TARGETED_DEVICE_FAMILY = "1,2";
				TEST_HOST = "$(BUILT_PRODUCTS_DIR)/TipMyService.app/$(BUNDLE_EXECUTABLE_FOLDER_PATH)/TipMyService";
			};
			name = Debug;
		};
		EB5E686C2BEBFFE100CA57DE /* Release */ = {
			isa = XCBuildConfiguration;
			buildSettings = {
				ALWAYS_EMBED_SWIFT_STANDARD_LIBRARIES = YES;
				BUNDLE_LOADER = "$(TEST_HOST)";
				CODE_SIGN_STYLE = Automatic;
				CURRENT_PROJECT_VERSION = 1;
				DEVELOPMENT_TEAM = NT57WH95JN;
				GENERATE_INFOPLIST_FILE = YES;
				IPHONEOS_DEPLOYMENT_TARGET = 17.2;
				MARKETING_VERSION = 1.0;
				PRODUCT_BUNDLE_IDENTIFIER = com.treybrowder.TipMyServiceTests;
				PRODUCT_NAME = "$(TARGET_NAME)";
				SWIFT_EMIT_LOC_STRINGS = NO;
				SWIFT_VERSION = 5.0;
				TARGETED_DEVICE_FAMILY = "1,2";
				TEST_HOST = "$(BUILT_PRODUCTS_DIR)/TipMyService.app/$(BUNDLE_EXECUTABLE_FOLDER_PATH)/TipMyService";
			};
			name = Release;
		};
		EB5E686E2BEBFFE100CA57DE /* Debug */ = {
			isa = XCBuildConfiguration;
			buildSettings = {
				ALWAYS_EMBED_SWIFT_STANDARD_LIBRARIES = YES;
				CODE_SIGN_STYLE = Automatic;
				CURRENT_PROJECT_VERSION = 1;
				DEVELOPMENT_TEAM = NT57WH95JN;
				GENERATE_INFOPLIST_FILE = YES;
				MARKETING_VERSION = 1.0;
				PRODUCT_BUNDLE_IDENTIFIER = com.treybrowder.TipMyServiceUITests;
				PRODUCT_NAME = "$(TARGET_NAME)";
				SWIFT_EMIT_LOC_STRINGS = NO;
				SWIFT_VERSION = 5.0;
				TARGETED_DEVICE_FAMILY = "1,2";
				TEST_TARGET_NAME = TipMyService;
			};
			name = Debug;
		};
		EB5E686F2BEBFFE100CA57DE /* Release */ = {
			isa = XCBuildConfiguration;
			buildSettings = {
				ALWAYS_EMBED_SWIFT_STANDARD_LIBRARIES = YES;
				CODE_SIGN_STYLE = Automatic;
				CURRENT_PROJECT_VERSION = 1;
				DEVELOPMENT_TEAM = NT57WH95JN;
				GENERATE_INFOPLIST_FILE = YES;
				MARKETING_VERSION = 1.0;
				PRODUCT_BUNDLE_IDENTIFIER = com.treybrowder.TipMyServiceUITests;
				PRODUCT_NAME = "$(TARGET_NAME)";
				SWIFT_EMIT_LOC_STRINGS = NO;
				SWIFT_VERSION = 5.0;
				TARGETED_DEVICE_FAMILY = "1,2";
				TEST_TARGET_NAME = TipMyService;
			};
			name = Release;
		};
/* End XCBuildConfiguration section */

/* Begin XCConfigurationList section */
		EB5E68382BEBFFE000CA57DE /* Build configuration list for PBXProject "TipMyService" */ = {
			isa = XCConfigurationList;
			buildConfigurations = (
				EB5E68652BEBFFE100CA57DE /* Debug */,
				EB5E68662BEBFFE100CA57DE /* Release */,
			);
			defaultConfigurationIsVisible = 0;
			defaultConfigurationName = Release;
		};
		EB5E68672BEBFFE100CA57DE /* Build configuration list for PBXNativeTarget "TipMyService" */ = {
			isa = XCConfigurationList;
			buildConfigurations = (
				EB5E68682BEBFFE100CA57DE /* Debug */,
				EB5E68692BEBFFE100CA57DE /* Release */,
			);
			defaultConfigurationIsVisible = 0;
			defaultConfigurationName = Release;
		};
		EB5E686A2BEBFFE100CA57DE /* Build configuration list for PBXNativeTarget "TipMyServiceTests" */ = {
			isa = XCConfigurationList;
			buildConfigurations = (
				EB5E686B2BEBFFE100CA57DE /* Debug */,
				EB5E686C2BEBFFE100CA57DE /* Release */,
			);
			defaultConfigurationIsVisible = 0;
			defaultConfigurationName = Release;
		};
		EB5E686D2BEBFFE100CA57DE /* Build configuration list for PBXNativeTarget "TipMyServiceUITests" */ = {
			isa = XCConfigurationList;
			buildConfigurations = (
				EB5E686E2BEBFFE100CA57DE /* Debug */,
				EB5E686F2BEBFFE100CA57DE /* Release */,
			);
			defaultConfigurationIsVisible = 0;
			defaultConfigurationName = Release;
		};
/* End XCConfigurationList section */

/* Begin XCRemoteSwiftPackageReference section */
		EB5E68702BEC02C300CA57DE /* XCRemoteSwiftPackageReference "SnapKit" */ = {
			isa = XCRemoteSwiftPackageReference;
			repositoryURL = "https://github.com/SnapKit/SnapKit";
			requirement = {
				kind = upToNextMinorVersion;
				minimumVersion = 5.7.1;
			};
		};
		EB5E68732BEC02D700CA57DE /* XCRemoteSwiftPackageReference "CombineCocoa" */ = {
			isa = XCRemoteSwiftPackageReference;
			repositoryURL = "https://github.com/CombineCommunity/CombineCocoa";
			requirement = {
				kind = upToNextMinorVersion;
				minimumVersion = 0.4.1;
			};
		};
		EB5E68762BEC04DE00CA57DE /* XCRemoteSwiftPackageReference "swift-snapshot-testing" */ = {
			isa = XCRemoteSwiftPackageReference;
			repositoryURL = "https://github.com/pointfreeco/swift-snapshot-testing";
			requirement = {
				kind = upToNextMinorVersion;
				minimumVersion = 1.16.0;
			};
		};
/* End XCRemoteSwiftPackageReference section */

/* Begin XCSwiftPackageProductDependency section */
		EB5E68712BEC02C300CA57DE /* SnapKit */ = {
			isa = XCSwiftPackageProductDependency;
			package = EB5E68702BEC02C300CA57DE /* XCRemoteSwiftPackageReference "SnapKit" */;
			productName = SnapKit;
		};
		EB5E68742BEC02D700CA57DE /* CombineCocoa */ = {
			isa = XCSwiftPackageProductDependency;
			package = EB5E68732BEC02D700CA57DE /* XCRemoteSwiftPackageReference "CombineCocoa" */;
			productName = CombineCocoa;
		};
		EB5E68772BEC04DE00CA57DE /* SnapshotTesting */ = {
			isa = XCSwiftPackageProductDependency;
			package = EB5E68762BEC04DE00CA57DE /* XCRemoteSwiftPackageReference "swift-snapshot-testing" */;
			productName = SnapshotTesting;
		};
		EB5E687A2BEC050B00CA57DE /* CombineCocoa */ = {
			isa = XCSwiftPackageProductDependency;
			package = EB5E68732BEC02D700CA57DE /* XCRemoteSwiftPackageReference "CombineCocoa" */;
			productName = CombineCocoa;
		};
		EB5E687C2BEC053A00CA57DE /* CombineCocoa */ = {
			isa = XCSwiftPackageProductDependency;
			package = EB5E68732BEC02D700CA57DE /* XCRemoteSwiftPackageReference "CombineCocoa" */;
			productName = CombineCocoa;
		};
/* End XCSwiftPackageProductDependency section */
	};
	rootObject = EB5E68352BEBFFE000CA57DE /* Project object */;
}
